
Microsoft Visual Studio Solution File, Format Version 12.00
# Visual Studio 2012
Project("{FAE04EC0-301F-11D3-BF4B-00C04F79EFBC}") = "SQLiteNetExtensions", "SQLiteNetExtensions\SQLiteNetExtensions.csproj", "{F723017D-EDE5-49CC-A84F-881C067C6004}"
EndProject
Project("{FAE04EC0-301F-11D3-BF4B-00C04F79EFBC}") = "SQLiteNetExtensions.Tests", "SQLiteNetExtensions.Tests\SQLiteNetExtensions.Tests.csproj", "{79E792BB-351D-4CC8-B43E-CF8BF02F6F36}"
EndProject
Global
	GlobalSection(SolutionConfigurationPlatforms) = preSolution
		Debug|Any CPU = Debug|Any CPU
		Release|Any CPU = Release|Any CPU
	EndGlobalSection
	GlobalSection(ProjectConfigurationPlatforms) = postSolution
		{F723017D-EDE5-49CC-A84F-881C067C6004}.Debug|Any CPU.ActiveCfg = Debug|Any CPU
		{F723017D-EDE5-49CC-A84F-881C067C6004}.Debug|Any CPU.Build.0 = Debug|Any CPU
		{F723017D-EDE5-49CC-A84F-881C067C6004}.Release|Any CPU.ActiveCfg = Release|Any CPU
		{F723017D-EDE5-49CC-A84F-881C067C6004}.Release|Any CPU.Build.0 = Release|Any CPU
		{79E792BB-351D-4CC8-B43E-CF8BF02F6F36}.Debug|Any CPU.ActiveCfg = Debug|Any CPU
		{79E792BB-351D-4CC8-B43E-CF8BF02F6F36}.Debug|Any CPU.Build.0 = Debug|Any CPU
		{79E792BB-351D-4CC8-B43E-CF8BF02F6F36}.Release|Any CPU.ActiveCfg = Release|Any CPU
		{79E792BB-351D-4CC8-B43E-CF8BF02F6F36}.Release|Any CPU.Build.0 = Release|Any CPU
	EndGlobalSection
	GlobalSection(SolutionProperties) = preSolution
		HideSolutionNode = FALSE
	EndGlobalSection
EndGlobal
